Microsoft Visual Studio Solution File, Format Version 12.00
# Visual Studio Version 17
VisualStudioVersion = 17.5.2.0
MinimumVisualStudioVersion = 10.0.40219.1
Project("{FAE04EC0-301F-11D3-BF4B-00C04F79EFBC}") = "gitTest", "gitTest.csproj", "{3629AFFF-4662-9088-F5D6-F8D4A8F08168}"
EndProject
Global
	GlobalSection(SolutionConfigurationPlatforms) = preSolution
		Debug|Any CPU = Debug|Any CPU
		Release|Any CPU = Release|Any CPU
	EndGlobalSection
	GlobalSection(ProjectConfigurationPlatforms) = postSolution
		{3629AFFF-4662-9088-F5D6-F8D4A8F08168}.Debug|Any CPU.ActiveCfg = Debug|Any CPU
		{3629AFFF-4662-9088-F5D6-F8D4A8F08168}.Debug|Any CPU.Build.0 = Debug|Any CPU
		{3629AFFF-4662-9088-F5D6-F8D4A8F08168}.Release|Any CPU.ActiveCfg = Release|Any CPU
		{3629AFFF-4662-9088-F5D6-F8D4A8F08168}.Release|Any CPU.Build.0 = Release|Any CPU
	EndGlobalSection
	GlobalSection(SolutionProperties) = preSolution
		HideSolutionNode = FALSE
	EndGlobalSection
	GlobalSection(ExtensibilityGlobals) = postSolution
		SolutionGuid = {68BE228D-AB74-41D5-9E59-92EA83DB6155}
	EndGlobalSection
EndGlobal
